// !$*UTF8*$!
{
	archiveVersion = 1;
	classes = {
	};
	objectVersion = 50;
	objects = {

/* Begin PBXBuildFile section */
		A1CA69AC2256EA6C006D8475 /* AppDelegate.swift in Sources */ = {isa = PBXBuildFile; fileRef = A1CA69AB2256EA6C006D8475 /* AppDelegate.swift */; };
		A1CA69AE2256EA6C006D8475 /* ViewController.swift in Sources */ = {isa = PBXBuildFile; fileRef = A1CA69AD2256EA6C006D8475 /* ViewController.swift */; };
		A1CA69B12256EA6C006D8475 /* Main.storyboard in Resources */ = {isa = PBXBuildFile; fileRef = A1CA69AF2256EA6C006D8475 /* Main.storyboard */; };
		A1CA69B32256EA6D006D8475 /* Assets.xcassets in Resources */ = {isa = PBXBuildFile; fileRef = A1CA69B22256EA6D006D8475 /* Assets.xcassets */; };
		A1CA69B62256EA6D006D8475 /* LaunchScreen.storyboard in Resources */ = {isa = PBXBuildFile; fileRef = A1CA69B42256EA6D006D8475 /* LaunchScreen.storyboard */; };
		A1CA69C22256EBA7006D8475 /* SafariViewController.swift in Sources */ = {isa = PBXBuildFile; fileRef = A1CA69C12256EBA7006D8475 /* SafariViewController.swift */; };
		A1CA69C62256F30E006D8475 /* SafariViewController.xib in Resources */ = {isa = PBXBuildFile; fileRef = A1CA69C52256F30E006D8475 /* SafariViewController.xib */; };
/* End PBXBuildFile section */

/* Begin PBXFileReference section */
		A1CA69A82256EA6C006D8475 /* SafariNavigation.app */ = {isa = PBXFileReference; explicitFileType = wrapper.application; includeInIndex = 0; path = SafariNavigation.app; sourceTree = BUILT_PRODUCTS_DIR; };
		A1CA69AB2256EA6C006D8475 /* AppDelegate.swift */ = {isa = PBXFileReference; lastKnownFileType = sourcecode.swift; path = AppDelegate.swift; sourceTree = "<group>"; };
		A1CA69AD2256EA6C006D8475 /* ViewController.swift */ = {isa = PBXFileReference; lastKnownFileType = sourcecode.swift; path = ViewController.swift; sourceTree = "<group>"; };
		A1CA69B02256EA6C006D8475 /* Base */ = {isa = PBXFileReference; lastKnownFileType = file.storyboard; name = Base; path = Base.lproj/Main.storyboard; sourceTree = "<group>"; };
		A1CA69B22256EA6D006D8475 /* Assets.xcassets */ = {isa = PBXFileReference; lastKnownFileType = folder.assetcatalog; path = Assets.xcassets; sourceTree = "<group>"; };
		A1CA69B52256EA6D006D8475 /* Base */ = {isa = PBXFileReference; lastKnownFileType = file.storyboard; name = Base; path = Base.lproj/LaunchScreen.storyboard; sourceTree = "<group>"; };
		A1CA69B72256EA6D006D8475 /* Info.plist */ = {isa = PBXFileReference; lastKnownFileType = text.plist.xml; path = Info.plist; sourceTree = "<group>"; };
		A1CA69C12256EBA7006D8475 /* SafariViewController.swift */ = {isa = PBXFileReference; lastKnownFileType = sourcecode.swift; path = SafariViewController.swift; sourceTree = "<group>"; };
		A1CA69C52256F30E006D8475 /* SafariViewController.xib */ = {isa = PBXFileReference; lastKnownFileType = file.xib; path = SafariViewController.xib; sourceTree = "<group>"; };
/* End PBXFileReference section */

/* Begin PBXFrameworksBuildPhase section */
		A1CA69A52256EA6C006D8475 /* Frameworks */ = {
			isa = PBXFrameworksBuildPhase;
			buildActionMask = 2147483647;
			files = (
			);
			runOnlyForDeploymentPostprocessing = 0;
		};
/* End PBXFrameworksBuildPhase section */

/* Begin PBXGroup section */
		A1CA699F2256EA6C006D8475 = {
			isa = PBXGroup;
			children = (
				A1CA69AA2256EA6C006D8475 /* SafariNavigation */,
				A1CA69A92256EA6C006D8475 /* Products */,
			);
			sourceTree = "<group>";
		};
		A1CA69A92256EA6C006D8475 /* Products */ = {
			isa = PBXGroup;
			children = (
				A1CA69A82256EA6C006D8475 /* SafariNavigation.app */,
			);
			name = Products;
			sourceTree = "<group>";
		};
		A1CA69AA2256EA6C006D8475 /* SafariNavigation */ = {
			isa = PBXGroup;
			children = (
				A1CA69AB2256EA6C006D8475 /* AppDelegate.swift */,
				A1CA69BE2256EB4D006D8475 /* HomeController */,
				A1CA69BD2256EB40006D8475 /* SafariViewController */,
				A1CA69B22256EA6D006D8475 /* Assets.xcassets */,
				A1CA69B42256EA6D006D8475 /* LaunchScreen.storyboard */,
				A1CA69B72256EA6D006D8475 /* Info.plist */,
			);
			path = SafariNavigation;
			sourceTree = "<group>";
		};
		A1CA69BD2256EB40006D8475 /* SafariViewController */ = {
			isa = PBXGroup;
			children = (
				A1CA69C12256EBA7006D8475 /* SafariViewController.swift */,
				A1CA69C52256F30E006D8475 /* SafariViewController.xib */,
			);
			path = SafariViewController;
			sourceTree = "<group>";
		};
		A1CA69BE2256EB4D006D8475 /* HomeController */ = {
			isa = PBXGroup;
			children = (
				A1CA69AF2256EA6C006D8475 /* Main.storyboard */,
				A1CA69AD2256EA6C006D8475 /* ViewController.swift */,
			);
			path = HomeController;
			sourceTree = "<group>";
		};
/* End PBXGroup section */

/* Begin PBXNativeTarget section */
		A1CA69A72256EA6C006D8475 /* SafariNavigation */ = {
			isa = PBXNativeTarget;
			buildConfigurationList = A1CA69BA2256EA6D006D8475 /* Build configuration list for PBXNativeTarget "SafariNavigation" */;
			buildPhases = (
				A1CA69A42256EA6C006D8475 /* Sources */,
				A1CA69A52256EA6C006D8475 /* Frameworks */,
				A1CA69A62256EA6C006D8475 /* Resources */,
			);
			buildRules = (
			);
			dependencies = (
			);
			name = SafariNavigation;
			productName = SafariNavigation;
			productReference = A1CA69A82256EA6C006D8475 /* SafariNavigation.app */;
			productType = "com.apple.product-type.application";
		};
/* End PBXNativeTarget section */

/* Begin PBXProject section */
		A1CA69A02256EA6C006D8475 /* Project object */ = {
			isa = PBXProject;
			attributes = {
				LastSwiftUpdateCheck = 1020;
				LastUpgradeCheck = 1020;
				ORGANIZATIONNAME = "Gustavo De Sousa";
				TargetAttributes = {
					A1CA69A72256EA6C006D8475 = {
						CreatedOnToolsVersion = 10.2;
					};
				};
			};
			buildConfigurationList = A1CA69A32256EA6C006D8475 /* Build configuration list for PBXProject "SafariNavigation" */;
			compatibilityVersion = "Xcode 9.3";
			developmentRegion = en;
			hasScannedForEncodings = 0;
			knownRegions = (
				en,
				Base,
			);
			mainGroup = A1CA699F2256EA6C006D8475;
			productRefGroup = A1CA69A92256EA6C006D8475 /* Products */;
			projectDirPath = "";
			projectRoot = "";
			targets = (
				A1CA69A72256EA6C006D8475 /* SafariNavigation */,
			);
		};
/* End PBXProject section */

/* Begin PBXResourcesBuildPhase section */
		A1CA69A62256EA6C006D8475 /* Resources */ = {
			isa = PBXResourcesBuildPhase;
			buildActionMask = 2147483647;
			files = (
				A1CA69B62256EA6D006D8475 /* LaunchScreen.storyboard in Resources */,
				A1CA69B32256EA6D006D8475 /* Assets.xcassets in Resources */,
				A1CA69C62256F30E006D8475 /* SafariViewController.xib in Resources */,
				A1CA69B12256EA6C006D8475 /* Main.storyboard in Resources */,
			);
			runOnlyForDeploymentPostprocessing = 0;
		};
/* End PBXResourcesBuildPhase section */

/* Begin PBXSourcesBuildPhase section */
		A1CA69A42256EA6C006D8475 /* Sources */ = {
			isa = PBXSourcesBuildPhase;
			buildActionMask = 2147483647;
			files = (
				A1CA69AE2256EA6C006D8475 /* ViewController.swift in Sources */,
				A1CA69C22256EBA7006D8475 /* SafariViewController.swift in Sources */,
				A1CA69AC2256EA6C006D8475 /* AppDelegate.swift in Sources */,
			);
			runOnlyForDeploymentPostprocessing = 0;
		};
/* End PBXSourcesBuildPhase section */

/* Begin PBXVariantGroup section */
		A1CA69AF2256EA6C006D8475 /* Main.storyboard */ = {
			isa = PBXVariantGroup;
			children = (
				A1CA69B02256EA6C006D8475 /* Base */,
			);
			name = Main.storyboard;
			sourceTree = "<group>";
		};
		A1CA69B42256EA6D006D8475 /* LaunchScreen.storyboard */ = {
			isa = PBXVariantGroup;
			children = (
				A1CA69B52256EA6D006D8475 /* Base */,
			);
			name = LaunchScreen.storyboard;
			sourceTree = "<group>";
		};
/* End PBXVariantGroup section */

/* Begin XCBuildConfiguration section */
		A1CA69B82256EA6D006D8475 /* Debug */ = {
			isa = XCBuildConfiguration;
			buildSettings = {
				ALWAYS_SEARCH_USER_PATHS = NO;
				CLANG_ANALYZER_NONNULL = YES;
				CLANG_ANALYZER_NUMBER_OBJECT_CONVERSION = YES_AGGRESSIVE;
				CLANG_CXX_LANGUAGE_STANDARD = "gnu++14";
				CLANG_CXX_LIBRARY = "libc++";
				CLANG_ENABLE_MODULES = YES;
				CLANG_ENABLE_OBJC_ARC = YES;
				CLANG_ENABLE_OBJC_WEAK = YES;
				CLANG_WARN_BLOCK_CAPTURE_AUTORELEASING = YES;
				CLANG_WARN_BOOL_CONVERSION = YES;
				CLANG_WARN_COMMA = YES;
				CLANG_WARN_CONSTANT_CONVERSION = YES;
				CLANG_WARN_DEPRECATED_OBJC_IMPLEMENTATIONS = YES;
				CLANG_WARN_DIRECT_OBJC_ISA_USAGE = YES_ERROR;
				CLANG_WARN_DOCUMENTATION_COMMENTS = YES;
				CLANG_WARN_EMPTY_BODY = YES;
				CLANG_WARN_ENUM_CONVERSION = YES;
				CLANG_WARN_INFINITE_RECURSION = YES;
				CLANG_WARN_INT_CONVERSION = YES;
				CLANG_WARN_NON_LITERAL_NULL_CONVERSION = YES;
				CLANG_WARN_OBJC_IMPLICIT_RETAIN_SELF = YES;
				CLANG_WARN_OBJC_LITERAL_CONVERSION = YES;
				CLANG_WARN_OBJC_ROOT_CLASS = YES_ERROR;
				CLANG_WARN_RANGE_LOOP_ANALYSIS = YES;
				CLANG_WARN_STRICT_PROTOTYPES = YES;
				CLANG_WARN_SUSPICIOUS_MOVE = YES;
				CLANG_WARN_UNGUARDED_AVAILABILITY = YES_AGGRESSIVE;
				CLANG_WARN_UNREACHABLE_CODE = YES;
				CLANG_WARN__DUPLICATE_METHOD_MATCH = YES;
				CODE_SIGN_IDENTITY = "iPhone Developer";
				COPY_PHASE_STRIP = NO;
				DEBUG_INFORMATION_FORMAT = dwarf;
				ENABLE_STRICT_OBJC_MSGSEND = YES;
				ENABLE_TESTABILITY = YES;
				GCC_C_LANGUAGE_STANDARD = gnu11;
				GCC_DYNAMIC_NO_PIC = NO;
				GCC_NO_COMMON_BLOCKS = YES;
				GCC_OPTIMIZATION_LEVEL = 0;
				GCC_PREPROCESSOR_DEFINITIONS = (
					"DEBUG=1",
					"$(inherited)",
				);
				GCC_WARN_64_TO_32_BIT_CONVERSION = YES;
				GCC_WARN_ABOUT_RETURN_TYPE = YES_ERROR;
				GCC_WARN_UNDECLARED_SELECTOR = YES;
				GCC_WARN_UNINITIALIZED_AUTOS = YES_AGGRESSIVE;
				GCC_WARN_UNUSED_FUNCTION = YES;
				GCC_WARN_UNUSED_VARIABLE = YES;
				IPHONEOS_DEPLOYMENT_TARGET = 12.2;
				MTL_ENABLE_DEBUG_INFO = INCLUDE_SOURCE;
				MTL_FAST_MATH = YES;
				ONLY_ACTIVE_ARCH = YES;
				SDKROOT = iphoneos;
				SWIFT_ACTIVE_COMPILATION_CONDITIONS = DEBUG;
				SWIFT_OPTIMIZATION_LEVEL = "-Onone";
			};
			name = Debug;
		};
		A1CA69B92256EA6D006D8475 /* Release */ = {
			isa = XCBuildConfiguration;
			buildSettings = {
				ALWAYS_SEARCH_USER_PATHS = NO;
				CLANG_ANALYZER_NONNULL = YES;
				CLANG_ANALYZER_NUMBER_OBJECT_CONVERSION = YES_AGGRESSIVE;
				CLANG_CXX_LANGUAGE_STANDARD = "gnu++14";
				CLANG_CXX_LIBRARY = "libc++";
				CLANG_ENABLE_MODULES = YES;
				CLANG_ENABLE_OBJC_ARC = YES;
				CLANG_ENABLE_OBJC_WEAK = YES;
				CLANG_WARN_BLOCK_CAPTURE_AUTORELEASING = YES;
				CLANG_WARN_BOOL_CONVERSION = YES;
				CLANG_WARN_COMMA = YES;
				CLANG_WARN_CONSTANT_CONVERSION = YES;
				CLANG_WARN_DEPRECATED_OBJC_IMPLEMENTATIONS = YES;
				CLANG_WARN_DIRECT_OBJC_ISA_USAGE = YES_ERROR;
				CLANG_WARN_DOCUMENTATION_COMMENTS = YES;
				CLANG_WARN_EMPTY_BODY = YES;
				CLANG_WARN_ENUM_CONVERSION = YES;
				CLANG_WARN_INFINITE_RECURSION = YES;
				CLANG_WARN_INT_CONVERSION = YES;
				CLANG_WARN_NON_LITERAL_NULL_CONVERSION = YES;
				CLANG_WARN_OBJC_IMPLICIT_RETAIN_SELF = YES;
				CLANG_WARN_OBJC_LITERAL_CONVERSION = YES;
				CLANG_WARN_OBJC_ROOT_CLASS = YES_ERROR;
				CLANG_WARN_RANGE_LOOP_ANALYSIS = YES;
				CLANG_WARN_STRICT_PROTOTYPES = YES;
				CLANG_WARN_SUSPICIOUS_MOVE = YES;
				CLANG_WARN_UNGUARDED_AVAILABILITY = YES_AGGRESSIVE;
				CLANG_WARN_UNREACHABLE_CODE = YES;
				CLANG_WARN__DUPLICATE_METHOD_MATCH = YES;
				CODE_SIGN_IDENTITY = "iPhone Developer";
				COPY_PHASE_STRIP = NO;
				DEBUG_INFORMATION_FORMAT = "dwarf-with-dsym";
				ENABLE_NS_ASSERTIONS = NO;
				ENABLE_STRICT_OBJC_MSGSEND = YES;
				GCC_C_LANGUAGE_STANDARD = gnu11;
				GCC_NO_COMMON_BLOCKS = YES;
				GCC_WARN_64_TO_32_BIT_CONVERSION = YES;
				GCC_WARN_ABOUT_RETURN_TYPE = YES_ERROR;
				GCC_WARN_UNDECLARED_SELECTOR = YES;
				GCC_WARN_UNINITIALIZED_AUTOS = YES_AGGRESSIVE;
				GCC_WARN_UNUSED_FUNCTION = YES;
				GCC_WARN_UNUSED_VARIABLE = YES;
				IPHONEOS_DEPLOYMENT_TARGET = 12.2;
				MTL_ENABLE_DEBUG_INFO = NO;
				MTL_FAST_MATH = YES;
				SDKROOT = iphoneos;
				SWIFT_COMPILATION_MODE = wholemodule;
				SWIFT_OPTIMIZATION_LEVEL = "-O";
				VALIDATE_PRODUCT = YES;
			};
			name = Release;
		};
		A1CA69BB2256EA6D006D8475 /* Debug */ = {
			isa = XCBuildConfiguration;
			buildSettings = {
				ASSETCATALOG_COMPILER_APPICON_NAME = AppIcon;
				CODE_SIGN_STYLE = Automatic;
				INFOPLIST_FILE = SafariNavigation/Info.plist;
				LD_RUNPATH_SEARCH_PATHS = (
					"$(inherited)",
					"@executable_path/Frameworks",
				);
				PRODUCT_BUNDLE_IDENTIFIER = br.com.gustavor.desousa.SafariNavigation;
				PRODUCT_NAME = "$(TARGET_NAME)";
				SWIFT_VERSION = 5.0;
				TARGETED_DEVICE_FAMILY = "1,2";
			};
			name = Debug;
		};
		A1CA69BC2256EA6D006D8475 /* Release */ = {
			isa = XCBuildConfiguration;
			buildSettings = {
				ASSETCATALOG_COMPILER_APPICON_NAME = AppIcon;
				CODE_SIGN_STYLE = Automatic;
				INFOPLIST_FILE = SafariNavigation/Info.plist;
				LD_RUNPATH_SEARCH_PATHS = (
					"$(inherited)",
					"@executable_path/Frameworks",
				);
				PRODUCT_BUNDLE_IDENTIFIER = br.com.gustavor.desousa.SafariNavigation;
				PRODUCT_NAME = "$(TARGET_NAME)";
				SWIFT_VERSION = 5.0;
				TARGETED_DEVICE_FAMILY = "1,2";
			};
			name = Release;
		};
/* End XCBuildConfiguration section */

/* Begin XCConfigurationList section */
		A1CA69A32256EA6C006D8475 /* Build configuration list for PBXProject "SafariNavigation" */ = {
			isa = XCConfigurationList;
			buildConfigurations = (
				A1CA69B82256EA6D006D8475 /* Debug */,
				A1CA69B92256EA6D006D8475 /* Release */,
			);
			defaultConfigurationIsVisible = 0;
			defaultConfigurationName = Release;
		};
		A1CA69BA2256EA6D006D8475 /* Build configuration list for PBXNativeTarget "SafariNavigation" */ = {
			isa = XCConfigurationList;
			buildConfigurations = (
				A1CA69BB2256EA6D006D8475 /* Debug */,
				A1CA69BC2256EA6D006D8475 /* Release */,
			);
			defaultConfigurationIsVisible = 0;
			defaultConfigurationName = Release;
		};
/* End XCConfigurationList section */
	};
	rootObject = A1CA69A02256EA6C006D8475 /* Project object */;
}
